
Microsoft Visual Studio Solution File, Format Version 12.00
# Visual Studio Version 16
VisualStudioVersion = 16.0.30104.148
MinimumVisualStudioVersion = 10.0.40219.1
Project("{FAE04EC0-301F-11D3-BF4B-00C04F79EFBC}") = "XboxMouseGUI", "XboxMouseGUI.csproj", "{9952A3AB-3089-4FD4-8A71-73D00088EA79}"
EndProject
Global
	GlobalSection(SolutionConfigurationPlatforms) = preSolution
		Debug|Any CPU = Debug|Any CPU
		Debug|ARM = Debug|ARM
		Debug|ARM64 = Debug|ARM64
		Debug|x64 = Debug|x64
		Debug|x86 = Debug|x86
		Release|Any CPU = Release|Any CPU
		Release|ARM = Release|ARM
		Release|ARM64 = Release|ARM64
		Release|x64 = Release|x64
		Release|x86 = Release|x86
	EndGlobalSection
	GlobalSection(ProjectConfigurationPlatforms) = postSolution
		{9952A3AB-3089-4FD4-8A71-73D00088EA79}.Debug|Any CPU.ActiveCfg = Release|Any CPU
		{9952A3AB-3089-4FD4-8A71-73D00088EA79}.Debug|Any CPU.Build.0 = Release|Any CPU
		{9952A3AB-3089-4FD4-8A71-73D00088EA79}.Debug|ARM.ActiveCfg = Debug|Any CPU
		{9952A3AB-3089-4FD4-8A71-73D00088EA79}.Debug|ARM.Build.0 = Debug|Any CPU
		{9952A3AB-3089-4FD4-8A71-73D00088EA79}.Debug|ARM64.ActiveCfg = Debug|Any CPU
		{9952A3AB-3089-4FD4-8A71-73D00088EA79}.Debug|ARM64.Build.0 = Debug|Any CPU
		{9952A3AB-3089-4FD4-8A71-73D00088EA79}.Debug|x64.ActiveCfg = Debug|Any CPU
		{9952A3AB-3089-4FD4-8A71-73D00088EA79}.Debug|x64.Build.0 = Debug|Any CPU
		{9952A3AB-3089-4FD4-8A71-73D00088EA79}.Debug|x86.ActiveCfg = Debug|Any CPU
		{9952A3AB-3089-4FD4-8A71-73D00088EA79}.Debug|x86.Build.0 = Debug|Any CPU
		{9952A3AB-3089-4FD4-8A71-73D00088EA79}.Release|Any CPU.ActiveCfg = Release|Any CPU
		{9952A3AB-3089-4FD4-8A71-73D00088EA79}.Release|Any CPU.Build.0 = Release|Any CPU
		{9952A3AB-3089-4FD4-8A71-73D00088EA79}.Release|ARM.ActiveCfg = Release|Any CPU
		{9952A3AB-3089-4FD4-8A71-73D00088EA79}.Release|ARM.Build.0 = Release|Any CPU
		{9952A3AB-3089-4FD4-8A71-73D00088EA79}.Release|ARM64.ActiveCfg = Release|Any CPU
		{9952A3AB-3089-4FD4-8A71-73D00088EA79}.Release|ARM64.Build.0 = Release|Any CPU
		{9952A3AB-3089-4FD4-8A71-73D00088EA79}.Release|x64.ActiveCfg = Release|Any CPU
		{9952A3AB-3089-4FD4-8A71-73D00088EA79}.Release|x64.Build.0 = Release|Any CPU
		{9952A3AB-3089-4FD4-8A71-73D00088EA79}.Release|x86.ActiveCfg = Release|Any CPU
		{9952A3AB-3089-4FD4-8A71-73D00088EA79}.Release|x86.Build.0 = Release|Any CPU
	EndGlobalSection
	GlobalSection(SolutionProperties) = preSolution
		HideSolutionNode = FALSE
	EndGlobalSection
	GlobalSection(ExtensibilityGlobals) = postSolution
		SolutionGuid = {7AF20721-BD58-418F-9839-D5C1BC68D396}
	EndGlobalSection
EndGlobal
